
Microsoft Visual Studio Solution File, Format Version 12.00
# Visual Studio Version 17
VisualStudioVersion = 17.4.33213.308
MinimumVisualStudioVersion = 10.0.40219.1
Project("{FAE04EC0-301F-11D3-BF4B-00C04F79EFBC}") = "lab1", "lab1\lab1.csproj", "{8822A002-BA1D-46FA-9731-B5010AAE3577}"
EndProject
Global
	GlobalSection(SolutionConfigurationPlatforms) = preSolution
		Debug|Any CPU = Debug|Any CPU
		Release|Any CPU = Release|Any CPU
	EndGlobalSection
	GlobalSection(ProjectConfigurationPlatforms) = postSolution
		{8822A002-BA1D-46FA-9731-B5010AAE3577}.Debug|Any CPU.ActiveCfg = Debug|Any CPU
		{8822A002-BA1D-46FA-9731-B5010AAE3577}.Debug|Any CPU.Build.0 = Debug|Any CPU
		{8822A002-BA1D-46FA-9731-B5010AAE3577}.Release|Any CPU.ActiveCfg = Release|Any CPU
		{8822A002-BA1D-46FA-9731-B5010AAE3577}.Release|Any CPU.Build.0 = Release|Any CPU
	EndGlobalSection
	GlobalSection(SolutionProperties) = preSolution
		HideSolutionNode = FALSE
	EndGlobalSection
	GlobalSection(ExtensibilityGlobals) = postSolution
		SolutionGuid = {2F164B5F-E4F7-4EA3-BBD0-7059CC1DD132}
	EndGlobalSection
EndGlobal
